
Microsoft Visual Studio Solution File, Format Version 12.00
# Visual Studio Version 17
VisualStudioVersion = 17.0.31903.59
MinimumVisualStudioVersion = 10.0.40219.1
Project("{2150E333-8FDC-42A3-9474-1A3956D46DE8}") = "common", "common", "{6F6B7343-3FB6-4F8D-A890-68414A40C9C9}"
	ProjectSection(SolutionItems) = preProject
		.gitignore = .gitignore
		Directory.Build.props = Directory.Build.props
		Directory.Packages.props = Directory.Packages.props
	EndProjectSection
EndProject
Project("{2150E333-8FDC-42A3-9474-1A3956D46DE8}") = "src", "src", "{622B34C9-3FC6-4ED3-9F03-2FD350B63BE5}"
EndProject
Project("{FAE04EC0-301F-11D3-BF4B-00C04F79EFBC}") = "HttpGateway", "src\HttpGateway\HttpGateway.csproj", "{94B7B821-AADF-41DF-B77E-FDE42C229118}"
EndProject
Project("{FAE04EC0-301F-11D3-BF4B-00C04F79EFBC}") = "HttpGateway.Models", "src\HttpGateway.Models\HttpGateway.Models.csproj", "{C2926BCC-CF3D-4452-95FA-DEA839F357EF}"
EndProject
Global
	GlobalSection(SolutionConfigurationPlatforms) = preSolution
		Debug|Any CPU = Debug|Any CPU
		Release|Any CPU = Release|Any CPU
	EndGlobalSection
	GlobalSection(SolutionProperties) = preSolution
		HideSolutionNode = FALSE
	EndGlobalSection
	GlobalSection(NestedProjects) = preSolution
		{94B7B821-AADF-41DF-B77E-FDE42C229118} = {622B34C9-3FC6-4ED3-9F03-2FD350B63BE5}
		{C2926BCC-CF3D-4452-95FA-DEA839F357EF} = {622B34C9-3FC6-4ED3-9F03-2FD350B63BE5}
	EndGlobalSection
	GlobalSection(ProjectConfigurationPlatforms) = postSolution
		{94B7B821-AADF-41DF-B77E-FDE42C229118}.Debug|Any CPU.ActiveCfg = Debug|Any CPU
		{94B7B821-AADF-41DF-B77E-FDE42C229118}.Debug|Any CPU.Build.0 = Debug|Any CPU
		{94B7B821-AADF-41DF-B77E-FDE42C229118}.Release|Any CPU.ActiveCfg = Release|Any CPU
		{94B7B821-AADF-41DF-B77E-FDE42C229118}.Release|Any CPU.Build.0 = Release|Any CPU
		{C2926BCC-CF3D-4452-95FA-DEA839F357EF}.Debug|Any CPU.ActiveCfg = Debug|Any CPU
		{C2926BCC-CF3D-4452-95FA-DEA839F357EF}.Debug|Any CPU.Build.0 = Debug|Any CPU
		{C2926BCC-CF3D-4452-95FA-DEA839F357EF}.Release|Any CPU.ActiveCfg = Release|Any CPU
		{C2926BCC-CF3D-4452-95FA-DEA839F357EF}.Release|Any CPU.Build.0 = Release|Any CPU
	EndGlobalSection
EndGlobal
